
Microsoft Visual Studio Solution File, Format Version 12.00
# Visual Studio Version 17
VisualStudioVersion = 17.6.33829.357
MinimumVisualStudioVersion = 10.0.40219.1
Project("{FAE04EC0-301F-11D3-BF4B-00C04F79EFBC}") = "Jeno_Array", "Jeno_Array.csproj", "{5FD46E75-BF53-4756-B9D1-977E43C57240}"
EndProject
Global
	GlobalSection(SolutionConfigurationPlatforms) = preSolution
		Debug|Any CPU = Debug|Any CPU
		Release|Any CPU = Release|Any CPU
	EndGlobalSection
	GlobalSection(ProjectConfigurationPlatforms) = postSolution
		{5FD46E75-BF53-4756-B9D1-977E43C57240}.Debug|Any CPU.ActiveCfg = Debug|Any CPU
		{5FD46E75-BF53-4756-B9D1-977E43C57240}.Debug|Any CPU.Build.0 = Debug|Any CPU
		{5FD46E75-BF53-4756-B9D1-977E43C57240}.Release|Any CPU.ActiveCfg = Release|Any CPU
		{5FD46E75-BF53-4756-B9D1-977E43C57240}.Release|Any CPU.Build.0 = Release|Any CPU
	EndGlobalSection
	GlobalSection(SolutionProperties) = preSolution
		HideSolutionNode = FALSE
	EndGlobalSection
	GlobalSection(ExtensibilityGlobals) = postSolution
		SolutionGuid = {0EBEEAB4-0510-42C3-BA4F-1D1CED94EF89}
	EndGlobalSection
EndGlobal
